// !$*UTF8*$!
{
	archiveVersion = 1;
	classes = {
	};
	objectVersion = 56;
	objects = {

/* Begin PBXBuildFile section */
		1A0000000000000000000005 /* SwabApp.swift in Sources */ = {isa = PBXBuildFile; fileRef = 1A0000000000000000000004 /* SwabApp.swift */; };
		1A0000000000000000000015 /* SwabCore in Frameworks */ = {isa = PBXBuildFile; productRef = 1A0000000000000000000013 /* SwabCore */; };
		1A0000000000000000000016 /* SwabUI in Frameworks */ = {isa = PBXBuildFile; productRef = 1A0000000000000000000014 /* SwabUI */; };
		1B000000000000000000000A /* OnboardingE2ETests.swift in Sources */ = {isa = PBXBuildFile; fileRef = 1B0000000000000000000002 /* OnboardingE2ETests.swift */; };
		1B000000000000000000000B /* MapAndFicheE2ETests.swift in Sources */ = {isa = PBXBuildFile; fileRef = 1B0000000000000000000003 /* MapAndFicheE2ETests.swift */; };
		1B000000000000000000000C /* RegressionAndResilienceE2ETests.swift in Sources */ = {isa = PBXBuildFile; fileRef = 1B0000000000000000000004 /* RegressionAndResilienceE2ETests.swift */; };
		1B000000000000000000000D /* DevBackend.swift in Sources */ = {isa = PBXBuildFile; fileRef = 1B0000000000000000000005 /* DevBackend.swift */; };
		1B000000000000000000000E /* OnboardingFlow.swift in Sources */ = {isa = PBXBuildFile; fileRef = 1B0000000000000000000006 /* OnboardingFlow.swift */; };
		1B000000000000000000000F /* SwabUITestCase.swift in Sources */ = {isa = PBXBuildFile; fileRef = 1B0000000000000000000007 /* SwabUITestCase.swift */; };
		1B0000000000000000000010 /* SwabCore in Frameworks */ = {isa = PBXBuildFile; productRef = 1A0000000000000000000013 /* SwabCore */; };
/* End PBXBuildFile section */

/* Begin PBXContainerItemProxy section */
		1B0000000000000000000015 /* PBXContainerItemProxy */ = {
			isa = PBXContainerItemProxy;
			containerPortal = 1A0000000000000000000001 /* Project object */;
			proxyType = 1;
			remoteGlobalIDString = 1A0000000000000000000002;
			remoteInfo = SwabApp;
		};
/* End PBXContainerItemProxy section */

/* Begin PBXFileReference section */
		1A0000000000000000000003 /* SwabApp.app */ = {isa = PBXFileReference; explicitFileType = wrapper.application; includeInIndex = 0; path = SwabApp.app; sourceTree = BUILT_PRODUCTS_DIR; };
		1A0000000000000000000004 /* SwabApp.swift */ = {isa = PBXFileReference; lastKnownFileType = sourcecode.swift; path = SwabApp.swift; sourceTree = "<group>"; };
		1B0000000000000000000001 /* SwabAppUITests.xctest */ = {isa = PBXFileReference; explicitFileType = wrapper.cfbundle; includeInIndex = 0; path = SwabAppUITests.xctest; sourceTree = BUILT_PRODUCTS_DIR; };
		1B0000000000000000000002 /* OnboardingE2ETests.swift */ = {isa = PBXFileReference; lastKnownFileType = sourcecode.swift; path = OnboardingE2ETests.swift; sourceTree = "<group>"; };
		1B0000000000000000000003 /* MapAndFicheE2ETests.swift */ = {isa = PBXFileReference; lastKnownFileType = sourcecode.swift; path = MapAndFicheE2ETests.swift; sourceTree = "<group>"; };
		1B0000000000000000000004 /* RegressionAndResilienceE2ETests.swift */ = {isa = PBXFileReference; lastKnownFileType = sourcecode.swift; path = RegressionAndResilienceE2ETests.swift; sourceTree = "<group>"; };
		1B0000000000000000000005 /* DevBackend.swift */ = {isa = PBXFileReference; lastKnownFileType = sourcecode.swift; path = DevBackend.swift; sourceTree = "<group>"; };
		1B0000000000000000000006 /* OnboardingFlow.swift */ = {isa = PBXFileReference; lastKnownFileType = sourcecode.swift; path = OnboardingFlow.swift; sourceTree = "<group>"; };
		1B0000000000000000000007 /* SwabUITestCase.swift */ = {isa = PBXFileReference; lastKnownFileType = sourcecode.swift; path = SwabUITestCase.swift; sourceTree = "<group>"; };
/* End PBXFileReference section */

/* Begin PBXFrameworksBuildPhase section */
		1A000000000000000000000A /* Frameworks */ = {
			isa = PBXFrameworksBuildPhase;
			buildActionMask = 2147483647;
			files = (
				1A0000000000000000000015 /* SwabCore in Frameworks */,
				1A0000000000000000000016 /* SwabUI in Frameworks */,
			);
			runOnlyForDeploymentPostprocessing = 0;
		};
		1B0000000000000000000012 /* Frameworks */ = {
			isa = PBXFrameworksBuildPhase;
			buildActionMask = 2147483647;
			files = (
				1B0000000000000000000010 /* SwabCore in Frameworks */,
			);
			runOnlyForDeploymentPostprocessing = 0;
		};
/* End PBXFrameworksBuildPhase section */

/* Begin PBXGroup section */
		1A0000000000000000000006 /* Root */ = {
			isa = PBXGroup;
			children = (
				1A0000000000000000000008 /* App */,
				1B0000000000000000000008 /* SwabAppUITests */,
				1A0000000000000000000007 /* Products */,
			);
			sourceTree = "<group>";
		};
		1A0000000000000000000007 /* Products */ = {
			isa = PBXGroup;
			children = (
				1A0000000000000000000003 /* SwabApp.app */,
				1B0000000000000000000001 /* SwabAppUITests.xctest */,
			);
			name = Products;
			sourceTree = "<group>";
		};
		1A0000000000000000000008 /* App */ = {
			isa = PBXGroup;
			children = (
				1A0000000000000000000004 /* SwabApp.swift */,
			);
			path = App;
			sourceTree = "<group>";
		};
		1B0000000000000000000008 /* SwabAppUITests */ = {
			isa = PBXGroup;
			children = (
				1B0000000000000000000002 /* OnboardingE2ETests.swift */,
				1B0000000000000000000003 /* MapAndFicheE2ETests.swift */,
				1B0000000000000000000004 /* RegressionAndResilienceE2ETests.swift */,
				1B0000000000000000000009 /* Support */,
			);
			path = SwabAppUITests;
			sourceTree = "<group>";
		};
		1B0000000000000000000009 /* Support */ = {
			isa = PBXGroup;
			children = (
				1B0000000000000000000005 /* DevBackend.swift */,
				1B0000000000000000000006 /* OnboardingFlow.swift */,
				1B0000000000000000000007 /* SwabUITestCase.swift */,
			);
			path = Support;
			sourceTree = "<group>";
		};
/* End PBXGroup section */

/* Begin PBXNativeTarget section */
		1A0000000000000000000002 /* SwabApp */ = {
			isa = PBXNativeTarget;
			buildConfigurationList = 1A000000000000000000000F /* Build configuration list for PBXNativeTarget "SwabApp" */;
			buildPhases = (
				1A0000000000000000000009 /* Sources */,
				1A000000000000000000000A /* Frameworks */,
				1A000000000000000000000B /* Resources */,
			);
			buildRules = (
			);
			dependencies = (
			);
			name = SwabApp;
			packageProductDependencies = (
				1A0000000000000000000013 /* SwabCore */,
				1A0000000000000000000014 /* SwabUI */,
			);
			productName = SwabApp;
			productReference = 1A0000000000000000000003 /* SwabApp.app */;
			productType = "com.apple.product-type.application";
		};
		1B0000000000000000000014 /* SwabAppUITests */ = {
			isa = PBXNativeTarget;
			buildConfigurationList = 1B0000000000000000000019 /* Build configuration list for PBXNativeTarget "SwabAppUITests" */;
			buildPhases = (
				1B0000000000000000000011 /* Sources */,
				1B0000000000000000000012 /* Frameworks */,
				1B0000000000000000000013 /* Resources */,
			);
			buildRules = (
			);
			dependencies = (
				1B0000000000000000000016 /* PBXTargetDependency */,
			);
			name = SwabAppUITests;
			packageProductDependencies = (
				1A0000000000000000000013 /* SwabCore */,
			);
			productName = SwabAppUITests;
			productReference = 1B0000000000000000000001 /* SwabAppUITests.xctest */;
			productType = "com.apple.product-type.bundle.ui-testing";
		};
/* End PBXNativeTarget section */

/* Begin PBXProject section */
		1A0000000000000000000001 /* Project object */ = {
			isa = PBXProject;
			attributes = {
				BuildIndependentTargetsInParallel = 1;
				LastSwiftUpdateCheck = 1620;
				LastUpgradeCheck = 1620;
				TargetAttributes = {
					1B0000000000000000000014 = {
						TestTargetID = 1A0000000000000000000002;
					};
				};
			};
			buildConfigurationList = 1A000000000000000000000C /* Build configuration list for PBXProject "SwabApp" */;
			compatibilityVersion = "Xcode 14.0";
			developmentRegion = fr;
			hasScannedForEncodings = 0;
			knownRegions = (
				fr,
				Base,
			);
			mainGroup = 1A0000000000000000000006 /* Root */;
			packageReferences = (
				1A0000000000000000000012 /* XCLocalSwiftPackageReference "" */,
			);
			productRefGroup = 1A0000000000000000000007 /* Products */;
			projectDirPath = "";
			projectRoot = "";
			targets = (
				1A0000000000000000000002 /* SwabApp */,
				1B0000000000000000000014 /* SwabAppUITests */,
			);
		};
/* End PBXProject section */

/* Begin PBXResourcesBuildPhase section */
		1A000000000000000000000B /* Resources */ = {
			isa = PBXResourcesBuildPhase;
			buildActionMask = 2147483647;
			files = (
			);
			runOnlyForDeploymentPostprocessing = 0;
		};
		1B0000000000000000000013 /* Resources */ = {
			isa = PBXResourcesBuildPhase;
			buildActionMask = 2147483647;
			files = (
			);
			runOnlyForDeploymentPostprocessing = 0;
		};
/* End PBXResourcesBuildPhase section */

/* Begin PBXSourcesBuildPhase section */
		1A0000000000000000000009 /* Sources */ = {
			isa = PBXSourcesBuildPhase;
			buildActionMask = 2147483647;
			files = (
				1A0000000000000000000005 /* SwabApp.swift in Sources */,
			);
			runOnlyForDeploymentPostprocessing = 0;
		};
		1B0000000000000000000011 /* Sources */ = {
			isa = PBXSourcesBuildPhase;
			buildActionMask = 2147483647;
			files = (
				1B000000000000000000000A /* OnboardingE2ETests.swift in Sources */,
				1B000000000000000000000B /* MapAndFicheE2ETests.swift in Sources */,
				1B000000000000000000000C /* RegressionAndResilienceE2ETests.swift in Sources */,
				1B000000000000000000000D /* DevBackend.swift in Sources */,
				1B000000000000000000000E /* OnboardingFlow.swift in Sources */,
				1B000000000000000000000F /* SwabUITestCase.swift in Sources */,
			);
			runOnlyForDeploymentPostprocessing = 0;
		};
/* End PBXSourcesBuildPhase section */

/* Begin PBXTargetDependency section */
		1B0000000000000000000016 /* PBXTargetDependency */ = {
			isa = PBXTargetDependency;
			target = 1A0000000000000000000002 /* SwabApp */;
			targetProxy = 1B0000000000000000000015 /* PBXContainerItemProxy */;
		};
/* End PBXTargetDependency section */

/* Begin XCBuildConfiguration section */
		1A000000000000000000000D /* Debug */ = {
			isa = XCBuildConfiguration;
			buildSettings = {
				ALWAYS_SEARCH_USER_PATHS = NO;
				CLANG_ENABLE_MODULES = YES;
				CLANG_ENABLE_OBJC_ARC = YES;
				CODE_SIGNING_ALLOWED = YES;
				CODE_SIGNING_REQUIRED = YES;
				CODE_SIGN_IDENTITY = "-";
				CODE_SIGN_STYLE = Automatic;
				COPY_PHASE_STRIP = NO;
				DEBUG_INFORMATION_FORMAT = dwarf;
				ENABLE_TESTABILITY = YES;
				GCC_C_LANGUAGE_STANDARD = gnu17;
				GCC_OPTIMIZATION_LEVEL = 0;
				GCC_PREPROCESSOR_DEFINITIONS = (
					"DEBUG=1",
					"$(inherited)",
				);
				IPHONEOS_DEPLOYMENT_TARGET = 17.0;
				MTL_ENABLE_DEBUG_INFO = INCLUDE_SOURCE;
				ONLY_ACTIVE_ARCH = YES;
				SDKROOT = iphoneos;
				SUPPORTED_PLATFORMS = "iphoneos iphonesimulator";
				SWIFT_ACTIVE_COMPILATION_CONDITIONS = DEBUG;
				SWIFT_OPTIMIZATION_LEVEL = "-Onone";
				SWIFT_VERSION = 5.0;
				TARGETED_DEVICE_FAMILY = "1,2";
			};
			name = Debug;
		};
		1A000000000000000000000E /* Release */ = {
			isa = XCBuildConfiguration;
			buildSettings = {
				ALWAYS_SEARCH_USER_PATHS = NO;
				CLANG_ENABLE_MODULES = YES;
				CLANG_ENABLE_OBJC_ARC = YES;
				CODE_SIGNING_ALLOWED = YES;
				CODE_SIGNING_REQUIRED = YES;
				CODE_SIGN_IDENTITY = "-";
				CODE_SIGN_STYLE = Automatic;
				COPY_PHASE_STRIP = NO;
				DEBUG_INFORMATION_FORMAT = "dwarf-with-dsym";
				GCC_C_LANGUAGE_STANDARD = gnu17;
				IPHONEOS_DEPLOYMENT_TARGET = 17.0;
				MTL_ENABLE_DEBUG_INFO = NO;
				SDKROOT = iphoneos;
				SUPPORTED_PLATFORMS = "iphoneos iphonesimulator";
				SWIFT_COMPILATION_MODE = wholemodule;
				SWIFT_OPTIMIZATION_LEVEL = "-O";
				SWIFT_VERSION = 5.0;
				TARGETED_DEVICE_FAMILY = "1,2";
			};
			name = Release;
		};
		1A0000000000000000000010 /* Debug */ = {
			isa = XCBuildConfiguration;
			buildSettings = {
				ASSETCATALOG_COMPILER_GLOBAL_ACCENT_COLOR_NAME = "";
				CODE_SIGNING_ALLOWED = YES;
				CODE_SIGNING_REQUIRED = YES;
				CODE_SIGN_IDENTITY = "-";
				CODE_SIGN_STYLE = Automatic;
				CURRENT_PROJECT_VERSION = 1;
				GENERATE_INFOPLIST_FILE = YES;
				INFOPLIST_KEY_CFBundleDisplayName = "Swab";
				INFOPLIST_KEY_NSContactsUsageDescription = "Swab utilise tes contacts pour proposer des portées sans jamais les envoyer au serveur.";
				INFOPLIST_KEY_UIApplicationSceneManifest_Generation = YES;
				INFOPLIST_KEY_UIApplicationSupportsIndirectInputEvents = YES;
				INFOPLIST_KEY_UILaunchScreen_Generation = YES;
				INFOPLIST_KEY_UISupportedInterfaceOrientations = "UIInterfaceOrientationPortrait";
				INFOPLIST_KEY_UISupportedInterfaceOrientations_iPad = "UIInterfaceOrientationPortrait UIInterfaceOrientationPortraitUpsideDown UIInterfaceOrientationLandscapeLeft UIInterfaceOrientationLandscapeRight";
				LD_RUNPATH_SEARCH_PATHS = (
					"$(inherited)",
					"@executable_path/Frameworks",
				);
				MARKETING_VERSION = 1.0;
				PRODUCT_BUNDLE_IDENTIFIER = com.swab.ios;
				PRODUCT_NAME = "$(TARGET_NAME)";
				SWIFT_EMIT_LOC_STRINGS = YES;
				SWIFT_VERSION = 5.0;
				TARGETED_DEVICE_FAMILY = "1,2";
			};
			name = Debug;
		};
		1A0000000000000000000011 /* Release */ = {
			isa = XCBuildConfiguration;
			buildSettings = {
				ASSETCATALOG_COMPILER_GLOBAL_ACCENT_COLOR_NAME = "";
				CODE_SIGNING_ALLOWED = YES;
				CODE_SIGNING_REQUIRED = YES;
				CODE_SIGN_IDENTITY = "-";
				CODE_SIGN_STYLE = Automatic;
				CURRENT_PROJECT_VERSION = 1;
				GENERATE_INFOPLIST_FILE = YES;
				INFOPLIST_KEY_CFBundleDisplayName = "Swab";
				INFOPLIST_KEY_NSContactsUsageDescription = "Swab utilise tes contacts pour proposer des portées sans jamais les envoyer au serveur.";
				INFOPLIST_KEY_UIApplicationSceneManifest_Generation = YES;
				INFOPLIST_KEY_UIApplicationSupportsIndirectInputEvents = YES;
				INFOPLIST_KEY_UILaunchScreen_Generation = YES;
				INFOPLIST_KEY_UISupportedInterfaceOrientations = "UIInterfaceOrientationPortrait";
				INFOPLIST_KEY_UISupportedInterfaceOrientations_iPad = "UIInterfaceOrientationPortrait UIInterfaceOrientationPortraitUpsideDown UIInterfaceOrientationLandscapeLeft UIInterfaceOrientationLandscapeRight";
				LD_RUNPATH_SEARCH_PATHS = (
					"$(inherited)",
					"@executable_path/Frameworks",
				);
				MARKETING_VERSION = 1.0;
				PRODUCT_BUNDLE_IDENTIFIER = com.swab.ios;
				PRODUCT_NAME = "$(TARGET_NAME)";
				SWIFT_EMIT_LOC_STRINGS = YES;
				SWIFT_VERSION = 5.0;
				TARGETED_DEVICE_FAMILY = "1,2";
			};
			name = Release;
		};
		1B0000000000000000000017 /* Debug */ = {
			isa = XCBuildConfiguration;
			buildSettings = {
				CODE_SIGNING_ALLOWED = YES;
				CODE_SIGNING_REQUIRED = YES;
				CODE_SIGN_IDENTITY = "-";
				CODE_SIGN_STYLE = Automatic;
				CURRENT_PROJECT_VERSION = 1;
				GENERATE_INFOPLIST_FILE = YES;
				MARKETING_VERSION = 1.0;
				PRODUCT_BUNDLE_IDENTIFIER = com.swab.ios.SwabAppUITests;
				PRODUCT_NAME = "$(TARGET_NAME)";
				SWIFT_EMIT_LOC_STRINGS = NO;
				SWIFT_VERSION = 5.0;
				TARGETED_DEVICE_FAMILY = "1,2";
				TEST_TARGET_NAME = SwabApp;
			};
			name = Debug;
		};
		1B0000000000000000000018 /* Release */ = {
			isa = XCBuildConfiguration;
			buildSettings = {
				CODE_SIGNING_ALLOWED = YES;
				CODE_SIGNING_REQUIRED = YES;
				CODE_SIGN_IDENTITY = "-";
				CODE_SIGN_STYLE = Automatic;
				CURRENT_PROJECT_VERSION = 1;
				GENERATE_INFOPLIST_FILE = YES;
				MARKETING_VERSION = 1.0;
				PRODUCT_BUNDLE_IDENTIFIER = com.swab.ios.SwabAppUITests;
				PRODUCT_NAME = "$(TARGET_NAME)";
				SWIFT_EMIT_LOC_STRINGS = NO;
				SWIFT_VERSION = 5.0;
				TARGETED_DEVICE_FAMILY = "1,2";
				TEST_TARGET_NAME = SwabApp;
			};
			name = Release;
		};
/* End XCBuildConfiguration section */

/* Begin XCConfigurationList section */
		1A000000000000000000000C /* Build configuration list for PBXProject "SwabApp" */ = {
			isa = XCConfigurationList;
			buildConfigurations = (
				1A000000000000000000000D /* Debug */,
				1A000000000000000000000E /* Release */,
			);
			defaultConfigurationIsVisible = 0;
			defaultConfigurationName = Release;
		};
		1A000000000000000000000F /* Build configuration list for PBXNativeTarget "SwabApp" */ = {
			isa = XCConfigurationList;
			buildConfigurations = (
				1A0000000000000000000010 /* Debug */,
				1A0000000000000000000011 /* Release */,
			);
			defaultConfigurationIsVisible = 0;
			defaultConfigurationName = Release;
		};
		1B0000000000000000000019 /* Build configuration list for PBXNativeTarget "SwabAppUITests" */ = {
			isa = XCConfigurationList;
			buildConfigurations = (
				1B0000000000000000000017 /* Debug */,
				1B0000000000000000000018 /* Release */,
			);
			defaultConfigurationIsVisible = 0;
			defaultConfigurationName = Release;
		};
/* End XCConfigurationList section */

/* Begin XCLocalSwiftPackageReference section */
		1A0000000000000000000012 /* XCLocalSwiftPackageReference "" */ = {
			isa = XCLocalSwiftPackageReference;
			relativePath = "";
		};
/* End XCLocalSwiftPackageReference section */

/* Begin XCSwiftPackageProductDependency section */
		1A0000000000000000000013 /* SwabCore */ = {
			isa = XCSwiftPackageProductDependency;
			productName = SwabCore;
		};
		1A0000000000000000000014 /* SwabUI */ = {
			isa = XCSwiftPackageProductDependency;
			productName = SwabUI;
		};
/* End XCSwiftPackageProductDependency section */
	};
	rootObject = 1A0000000000000000000001 /* Project object */;
}
